
Microsoft Visual Studio Solution File, Format Version 12.00
# Visual Studio Version 16
VisualStudioVersion = 16.0.30330.147
MinimumVisualStudioVersion = 10.0.40219.1
Project("{FAE04EC0-301F-11D3-BF4B-00C04F79EFBC}") = "APIstudent", "APIstudent\APIstudent.csproj", "{F4ADF46B-0C1A-4F65-BA49-7000B1DC1025}"
EndProject
Global
	GlobalSection(SolutionConfigurationPlatforms) = preSolution
		Debug|Any CPU = Debug|Any CPU
		Release|Any CPU = Release|Any CPU
	EndGlobalSection
	GlobalSection(ProjectConfigurationPlatforms) = postSolution
		{F4ADF46B-0C1A-4F65-BA49-7000B1DC1025}.Debug|Any CPU.ActiveCfg = Debug|Any CPU
		{F4ADF46B-0C1A-4F65-BA49-7000B1DC1025}.Debug|Any CPU.Build.0 = Debug|Any CPU
		{F4ADF46B-0C1A-4F65-BA49-7000B1DC1025}.Release|Any CPU.ActiveCfg = Release|Any CPU
		{F4ADF46B-0C1A-4F65-BA49-7000B1DC1025}.Release|Any CPU.Build.0 = Release|Any CPU
	EndGlobalSection
	GlobalSection(SolutionProperties) = preSolution
		HideSolutionNode = FALSE
	EndGlobalSection
	GlobalSection(ExtensibilityGlobals) = postSolution
		SolutionGuid = {DF2A05F5-BE16-4E55-9668-0FF3DD7E9976}
	EndGlobalSection
EndGlobal
